
Microsoft Visual Studio Solution File, Format Version 12.00
# Visual Studio Version 17
VisualStudioVersion = 17.11.35312.102
MinimumVisualStudioVersion = 10.0.40219.1
Project("{FAE04EC0-301F-11D3-BF4B-00C04F79EFBC}") = "DmitryAfanasevKt-43-21", "DmitryAfanasevKt-43-21\DmitryAfanasevKt-43-21.csproj", "{96034021-4C56-407B-A007-4E3AB9DD3431}"
EndProject
Global
	GlobalSection(SolutionConfigurationPlatforms) = preSolution
		Debug|Any CPU = Debug|Any CPU
		Release|Any CPU = Release|Any CPU
	EndGlobalSection
	GlobalSection(ProjectConfigurationPlatforms) = postSolution
		{96034021-4C56-407B-A007-4E3AB9DD3431}.Debug|Any CPU.ActiveCfg = Debug|Any CPU
		{96034021-4C56-407B-A007-4E3AB9DD3431}.Debug|Any CPU.Build.0 = Debug|Any CPU
		{96034021-4C56-407B-A007-4E3AB9DD3431}.Release|Any CPU.ActiveCfg = Release|Any CPU
		{96034021-4C56-407B-A007-4E3AB9DD3431}.Release|Any CPU.Build.0 = Release|Any CPU
	EndGlobalSection
	GlobalSection(SolutionProperties) = preSolution
		HideSolutionNode = FALSE
	EndGlobalSection
	GlobalSection(ExtensibilityGlobals) = postSolution
		SolutionGuid = {2228C278-8FBB-4A16-9D9C-9EB35B5F38A8}
	EndGlobalSection
EndGlobal
